// !$*UTF8*$!
{
	archiveVersion = 1;
	classes = {
	};
	objectVersion = 46;
	objects = {

/* Begin PBXBuildFile section */
		252C791B1C96F17400B1DBCF /* CreerUtilisateur_ViewController.swift in Sources */ = {isa = PBXBuildFile; fileRef = 252C791A1C96F17400B1DBCF /* CreerUtilisateur_ViewController.swift */; };
		252C98B51CA02EC000D11A2D /* Messagerie_ViewController.swift in Sources */ = {isa = PBXBuildFile; fileRef = 252C98B41CA02EC000D11A2D /* Messagerie_ViewController.swift */; };
		252C98B71CA0343500D11A2D /* MP_ViewController.swift in Sources */ = {isa = PBXBuildFile; fileRef = 252C98B61CA0343500D11A2D /* MP_ViewController.swift */; };
		25547F961C8D72E30044C7AA /* ViewController.swift in Sources */ = {isa = PBXBuildFile; fileRef = 25547F951C8D72E30044C7AA /* ViewController.swift */; };
		2576BEB51C9D919000E58272 /* CreerService_ViewController.swift in Sources */ = {isa = PBXBuildFile; fileRef = 2576BEB41C9D919000E58272 /* CreerService_ViewController.swift */; };
		25DEDEEB1C99C18C00FA17F0 /* Home_ViewController.swift in Sources */ = {isa = PBXBuildFile; fileRef = 25DEDEEA1C99C18C00FA17F0 /* Home_ViewController.swift */; };
		25DEDEED1C99D59E00FA17F0 /* Annonce_ViewController.swift in Sources */ = {isa = PBXBuildFile; fileRef = 25DEDEEC1C99D59E00FA17F0 /* Annonce_ViewController.swift */; };
		491E7AB31CA3245C0089FFCE /* Map_ViewController.swift in Sources */ = {isa = PBXBuildFile; fileRef = 491E7AB21CA3245C0089FFCE /* Map_ViewController.swift */; };
		4927A4C81C9AE5D900FFC841 /* JeuDeDonnees.swift in Sources */ = {isa = PBXBuildFile; fileRef = 4927A4C71C9AE5D900FFC841 /* JeuDeDonnees.swift */; };
		492CCB381CA680E3005B6F77 /* MonCompteViewController.swift in Sources */ = {isa = PBXBuildFile; fileRef = 492CCB371CA680E3005B6F77 /* MonCompteViewController.swift */; };
		494A24D11C8C89CB0059DE7C /* FInstanceService.swift in Sources */ = {isa = PBXBuildFile; fileRef = 494A24D01C8C89CB0059DE7C /* FInstanceService.swift */; };
		4952C1111C9B20C60048B403 /* ServiceGTableViewCell.swift in Sources */ = {isa = PBXBuildFile; fileRef = 4952C1101C9B20C60048B403 /* ServiceGTableViewCell.swift */; };
		4952C1131C9B25C80048B403 /* ServiceGTableViewController.swift in Sources */ = {isa = PBXBuildFile; fileRef = 4952C1121C9B25C80048B403 /* ServiceGTableViewController.swift */; };
		4972FAF71C9EEB520074553A /* CategorieTableViewCell.swift in Sources */ = {isa = PBXBuildFile; fileRef = 4972FAF61C9EEB520074553A /* CategorieTableViewCell.swift */; };
		4972FAF91C9EEC8E0074553A /* CategorieTableViewController.swift in Sources */ = {isa = PBXBuildFile; fileRef = 4972FAF81C9EEC8E0074553A /* CategorieTableViewController.swift */; };
		49DF01171C9DE9FE002A58FB /* MessagePrive+CoreDataProperties.swift in Sources */ = {isa = PBXBuildFile; fileRef = 49DF01151C9DE9FE002A58FB /* MessagePrive+CoreDataProperties.swift */; };
		49DF01181C9DE9FE002A58FB /* MessagePrive.swift in Sources */ = {isa = PBXBuildFile; fileRef = 49DF01161C9DE9FE002A58FB /* MessagePrive.swift */; };
		5C2B56D61CA43D8900F1A7B4 /* Note_ViewController.swift in Sources */ = {isa = PBXBuildFile; fileRef = 5C2B56D51CA43D8900F1A7B4 /* Note_ViewController.swift */; };
		5C2B56DA1CA44AF000F1A7B4 /* CosmosAccessibility.swift in Sources */ = {isa = PBXBuildFile; fileRef = 5C2B56D91CA44AF000F1A7B4 /* CosmosAccessibility.swift */; };
		5C2B56DC1CA44BAF00F1A7B4 /* CosmosDefaultSettings.swift in Sources */ = {isa = PBXBuildFile; fileRef = 5C2B56DB1CA44BAF00F1A7B4 /* CosmosDefaultSettings.swift */; };
		5C2B56DE1CA44C1700F1A7B4 /* CosmosLayerHelper.swift in Sources */ = {isa = PBXBuildFile; fileRef = 5C2B56DD1CA44C1700F1A7B4 /* CosmosLayerHelper.swift */; };
		5C2B56E01CA44C5400F1A7B4 /* CosmosLayers.swift in Sources */ = {isa = PBXBuildFile; fileRef = 5C2B56DF1CA44C5400F1A7B4 /* CosmosLayers.swift */; };
		5C2B56E21CA44C8B00F1A7B4 /* CosmosLocalizedRating.swift in Sources */ = {isa = PBXBuildFile; fileRef = 5C2B56E11CA44C8B00F1A7B4 /* CosmosLocalizedRating.swift */; };
		5C2B56E41CA44CCE00F1A7B4 /* CosmosRating.swift in Sources */ = {isa = PBXBuildFile; fileRef = 5C2B56E31CA44CCE00F1A7B4 /* CosmosRating.swift */; };
		5C2B56E61CA44D0A00F1A7B4 /* CosmosSettings.swift in Sources */ = {isa = PBXBuildFile; fileRef = 5C2B56E51CA44D0A00F1A7B4 /* CosmosSettings.swift */; };
		5C2B56E81CA44D4000F1A7B4 /* CosmosSize.swift in Sources */ = {isa = PBXBuildFile; fileRef = 5C2B56E71CA44D4000F1A7B4 /* CosmosSize.swift */; };
		5C2B56EA1CA44D6D00F1A7B4 /* CosmosText.swift in Sources */ = {isa = PBXBuildFile; fileRef = 5C2B56E91CA44D6D00F1A7B4 /* CosmosText.swift */; };
		5C2B56EC1CA44D9900F1A7B4 /* CosmosTouch.swift in Sources */ = {isa = PBXBuildFile; fileRef = 5C2B56EB1CA44D9900F1A7B4 /* CosmosTouch.swift */; };
		5C2B56EE1CA44DC100F1A7B4 /* CosmosView.swift in Sources */ = {isa = PBXBuildFile; fileRef = 5C2B56ED1CA44DC100F1A7B4 /* CosmosView.swift */; };
		5C2B56F01CA44DFC00F1A7B4 /* CosmosTouchTarget.swift in Sources */ = {isa = PBXBuildFile; fileRef = 5C2B56EF1CA44DFC00F1A7B4 /* CosmosTouchTarget.swift */; };
		5C2B56F21CA457E900F1A7B4 /* StarFillMode.swift in Sources */ = {isa = PBXBuildFile; fileRef = 5C2B56F11CA457E900F1A7B4 /* StarFillMode.swift */; };
		5C2B56F41CA4581A00F1A7B4 /* StarLayer.swift in Sources */ = {isa = PBXBuildFile; fileRef = 5C2B56F31CA4581A00F1A7B4 /* StarLayer.swift */; };
		5CB253F21C9A0EA300795FC8 /* MapKit.framework in Frameworks */ = {isa = PBXBuildFile; fileRef = 5CB253F11C9A0EA300795FC8 /* MapKit.framework */; };
		5CCFBAC71C9EF36B00D810AF /* CoreLocation.framework in Frameworks */ = {isa = PBXBuildFile; fileRef = 5CCFBAC61C9EF36B00D810AF /* CoreLocation.framework */; };
		ED23EE411C8830AA00E2CC70 /* Facade.swift in Sources */ = {isa = PBXBuildFile; fileRef = ED23EE401C8830AA00E2CC70 /* Facade.swift */; };
		ED23EE441C883A1F00E2CC70 /* ServiceGlobal+CoreDataProperties.swift in Sources */ = {isa = PBXBuildFile; fileRef = ED23EE421C883A1F00E2CC70 /* ServiceGlobal+CoreDataProperties.swift */; };
		ED23EE451C883A1F00E2CC70 /* ServiceGlobal.swift in Sources */ = {isa = PBXBuildFile; fileRef = ED23EE431C883A1F00E2CC70 /* ServiceGlobal.swift */; };
		ED23EE481C883A5000E2CC70 /* Utilisateur+CoreDataProperties.swift in Sources */ = {isa = PBXBuildFile; fileRef = ED23EE461C883A5000E2CC70 /* Utilisateur+CoreDataProperties.swift */; };
		ED23EE491C883A5000E2CC70 /* Utilisateur.swift in Sources */ = {isa = PBXBuildFile; fileRef = ED23EE471C883A5000E2CC70 /* Utilisateur.swift */; };
		ED395B2B1C86342C00FF6D49 /* Main.storyboard in Resources */ = {isa = PBXBuildFile; fileRef = ED395B291C86342C00FF6D49 /* Main.storyboard */; };
		ED395B2D1C86342C00FF6D49 /* Assets.xcassets in Resources */ = {isa = PBXBuildFile; fileRef = ED395B2C1C86342C00FF6D49 /* Assets.xcassets */; };
		ED395B301C86342C00FF6D49 /* LaunchScreen.storyboard in Resources */ = {isa = PBXBuildFile; fileRef = ED395B2E1C86342C00FF6D49 /* LaunchScreen.storyboard */; };
		ED395B3B1C86342C00FF6D49 /* iHelpsTests.swift in Sources */ = {isa = PBXBuildFile; fileRef = ED395B3A1C86342C00FF6D49 /* iHelpsTests.swift */; };
		ED395B461C86342C00FF6D49 /* iHelpsUITests.swift in Sources */ = {isa = PBXBuildFile; fileRef = ED395B451C86342C00FF6D49 /* iHelpsUITests.swift */; };
		ED7330061CA4254400C489E3 /* ServicesJeProposeTableViewController.swift in Sources */ = {isa = PBXBuildFile; fileRef = ED7330051CA4254400C489E3 /* ServicesJeProposeTableViewController.swift */; };
		ED7330081CA4275C00C489E3 /* ServicesJeProposeTableViewCell.swift in Sources */ = {isa = PBXBuildFile; fileRef = ED7330071CA4275C00C489E3 /* ServicesJeProposeTableViewCell.swift */; };
		EDDC88121CA052B900C313D3 /* DemandeServiceViewController.swift in Sources */ = {isa = PBXBuildFile; fileRef = EDDC88111CA052B900C313D3 /* DemandeServiceViewController.swift */; };
		EDE282D61C874D0500B34565 /* Model.xcdatamodeld in Sources */ = {isa = PBXBuildFile; fileRef = EDE282D41C874D0500B34565 /* Model.xcdatamodeld */; };
		EDE282D81C8752E200B34565 /* FServiceGlobal.swift in Sources */ = {isa = PBXBuildFile; fileRef = EDE282D71C8752E200B34565 /* FServiceGlobal.swift */; };
		EDE282FB1C87568700B34565 /* AppDelegate.swift in Sources */ = {isa = PBXBuildFile; fileRef = EDE282FA1C87568700B34565 /* AppDelegate.swift */; };
		EDEEAD221C88A65500BE6EFE /* FUtilisateur.swift in Sources */ = {isa = PBXBuildFile; fileRef = EDEEAD211C88A65500BE6EFE /* FUtilisateur.swift */; };
		EDEEAD241C88BA2500BE6EFE /* TestsBdd.swift in Sources */ = {isa = PBXBuildFile; fileRef = EDEEAD231C88BA2500BE6EFE /* TestsBdd.swift */; };
		EDEEAD2B1C88C3D100BE6EFE /* MessageMur+CoreDataProperties.swift in Sources */ = {isa = PBXBuildFile; fileRef = EDEEAD251C88C3D100BE6EFE /* MessageMur+CoreDataProperties.swift */; };
		EDEEAD2C1C88C3D100BE6EFE /* MessageMur.swift in Sources */ = {isa = PBXBuildFile; fileRef = EDEEAD261C88C3D100BE6EFE /* MessageMur.swift */; };
		EDEEAD2D1C88C3D100BE6EFE /* Categorie+CoreDataProperties.swift in Sources */ = {isa = PBXBuildFile; fileRef = EDEEAD271C88C3D100BE6EFE /* Categorie+CoreDataProperties.swift */; };
		EDEEAD2E1C88C3D100BE6EFE /* Categorie.swift in Sources */ = {isa = PBXBuildFile; fileRef = EDEEAD281C88C3D100BE6EFE /* Categorie.swift */; };
		EDEEAD2F1C88C3D100BE6EFE /* InstanceService+CoreDataProperties.swift in Sources */ = {isa = PBXBuildFile; fileRef = EDEEAD291C88C3D100BE6EFE /* InstanceService+CoreDataProperties.swift */; };
		EDEEAD301C88C3D100BE6EFE /* InstanceService.swift in Sources */ = {isa = PBXBuildFile; fileRef = EDEEAD2A1C88C3D100BE6EFE /* InstanceService.swift */; };
/* End PBXBuildFile section */

/* Begin PBXContainerItemProxy section */
		ED395B371C86342C00FF6D49 /* PBXContainerItemProxy */ = {
			isa = PBXContainerItemProxy;
			containerPortal = ED395B181C86342C00FF6D49 /* Project object */;
			proxyType = 1;
			remoteGlobalIDString = ED395B1F1C86342C00FF6D49;
			remoteInfo = iHelps;
		};
		ED395B421C86342C00FF6D49 /* PBXContainerItemProxy */ = {
			isa = PBXContainerItemProxy;
			containerPortal = ED395B181C86342C00FF6D49 /* Project object */;
			proxyType = 1;
			remoteGlobalIDString = ED395B1F1C86342C00FF6D49;
			remoteInfo = iHelps;
		};
/* End PBXContainerItemProxy section */

/* Begin PBXFileReference section */
		252C791A1C96F17400B1DBCF /* CreerUtilisateur_ViewController.swift */ = {isa = PBXFileReference; fileEncoding = 4; lastKnownFileType = sourcecode.swift; path = CreerUtilisateur_ViewController.swift; sourceTree = "<group>"; };
		252C98B41CA02EC000D11A2D /* Messagerie_ViewController.swift */ = {isa = PBXFileReference; fileEncoding = 4; lastKnownFileType = sourcecode.swift; path = Messagerie_ViewController.swift; sourceTree = "<group>"; };
		252C98B61CA0343500D11A2D /* MP_ViewController.swift */ = {isa = PBXFileReference; fileEncoding = 4; lastKnownFileType = sourcecode.swift; path = MP_ViewController.swift; sourceTree = "<group>"; };
		25547F951C8D72E30044C7AA /* ViewController.swift */ = {isa = PBXFileReference; fileEncoding = 4; lastKnownFileType = sourcecode.swift; path = ViewController.swift; sourceTree = "<group>"; };
		2576BEB41C9D919000E58272 /* CreerService_ViewController.swift */ = {isa = PBXFileReference; fileEncoding = 4; lastKnownFileType = sourcecode.swift; path = CreerService_ViewController.swift; sourceTree = "<group>"; };
		25DEDEEA1C99C18C00FA17F0 /* Home_ViewController.swift */ = {isa = PBXFileReference; fileEncoding = 4; lastKnownFileType = sourcecode.swift; path = Home_ViewController.swift; sourceTree = "<group>"; };
		25DEDEEC1C99D59E00FA17F0 /* Annonce_ViewController.swift */ = {isa = PBXFileReference; fileEncoding = 4; lastKnownFileType = sourcecode.swift; path = Annonce_ViewController.swift; sourceTree = "<group>"; };
		491E7AB21CA3245C0089FFCE /* Map_ViewController.swift */ = {isa = PBXFileReference; fileEncoding = 4; lastKnownFileType = sourcecode.swift; path = Map_ViewController.swift; sourceTree = "<group>"; };
		4927A4C71C9AE5D900FFC841 /* JeuDeDonnees.swift */ = {isa = PBXFileReference; fileEncoding = 4; lastKnownFileType = sourcecode.swift; path = JeuDeDonnees.swift; sourceTree = "<group>"; };
		492CCB371CA680E3005B6F77 /* MonCompteViewController.swift */ = {isa = PBXFileReference; fileEncoding = 4; lastKnownFileType = sourcecode.swift; path = MonCompteViewController.swift; sourceTree = "<group>"; };
		494A24D01C8C89CB0059DE7C /* FInstanceService.swift */ = {isa = PBXFileReference; fileEncoding = 4; lastKnownFileType = sourcecode.swift; path = FInstanceService.swift; sourceTree = "<group>"; };
		4952C1101C9B20C60048B403 /* ServiceGTableViewCell.swift */ = {isa = PBXFileReference; fileEncoding = 4; lastKnownFileType = sourcecode.swift; name = ServiceGTableViewCell.swift; path = ../ServiceGTableViewCell.swift; sourceTree = "<group>"; };
		4952C1121C9B25C80048B403 /* ServiceGTableViewController.swift */ = {isa = PBXFileReference; fileEncoding = 4; lastKnownFileType = sourcecode.swift; path = ServiceGTableViewController.swift; sourceTree = "<group>"; };
		4972FAF61C9EEB520074553A /* CategorieTableViewCell.swift */ = {isa = PBXFileReference; fileEncoding = 4; lastKnownFileType = sourcecode.swift; path = CategorieTableViewCell.swift; sourceTree = "<group>"; };
		4972FAF81C9EEC8E0074553A /* CategorieTableViewController.swift */ = {isa = PBXFileReference; fileEncoding = 4; lastKnownFileType = sourcecode.swift; path = CategorieTableViewController.swift; sourceTree = "<group>"; };
		49DF01151C9DE9FE002A58FB /* MessagePrive+CoreDataProperties.swift */ = {isa = PBXFileReference; fileEncoding = 4; lastKnownFileType = sourcecode.swift; path = "MessagePrive+CoreDataProperties.swift"; sourceTree = "<group>"; };
		49DF01161C9DE9FE002A58FB /* MessagePrive.swift */ = {isa = PBXFileReference; fileEncoding = 4; lastKnownFileType = sourcecode.swift; path = MessagePrive.swift; sourceTree = "<group>"; };
		5C2B56D51CA43D8900F1A7B4 /* Note_ViewController.swift */ = {isa = PBXFileReference; fileEncoding = 4; lastKnownFileType = sourcecode.swift; path = Note_ViewController.swift; sourceTree = "<group>"; };
		5C2B56D91CA44AF000F1A7B4 /* CosmosAccessibility.swift */ = {isa = PBXFileReference; fileEncoding = 4; lastKnownFileType = sourcecode.swift; path = CosmosAccessibility.swift; sourceTree = "<group>"; };
		5C2B56DB1CA44BAF00F1A7B4 /* CosmosDefaultSettings.swift */ = {isa = PBXFileReference; fileEncoding = 4; lastKnownFileType = sourcecode.swift; path = CosmosDefaultSettings.swift; sourceTree = "<group>"; };
		5C2B56DD1CA44C1700F1A7B4 /* CosmosLayerHelper.swift */ = {isa = PBXFileReference; fileEncoding = 4; lastKnownFileType = sourcecode.swift; path = CosmosLayerHelper.swift; sourceTree = "<group>"; };
		5C2B56DF1CA44C5400F1A7B4 /* CosmosLayers.swift */ = {isa = PBXFileReference; fileEncoding = 4; lastKnownFileType = sourcecode.swift; path = CosmosLayers.swift; sourceTree = "<group>"; };
		5C2B56E11CA44C8B00F1A7B4 /* CosmosLocalizedRating.swift */ = {isa = PBXFileReference; fileEncoding = 4; lastKnownFileType = sourcecode.swift; path = CosmosLocalizedRating.swift; sourceTree = "<group>"; };
		5C2B56E31CA44CCE00F1A7B4 /* CosmosRating.swift */ = {isa = PBXFileReference; fileEncoding = 4; lastKnownFileType = sourcecode.swift; path = CosmosRating.swift; sourceTree = "<group>"; };
		5C2B56E51CA44D0A00F1A7B4 /* CosmosSettings.swift */ = {isa = PBXFileReference; fileEncoding = 4; lastKnownFileType = sourcecode.swift; path = CosmosSettings.swift; sourceTree = "<group>"; };
		5C2B56E71CA44D4000F1A7B4 /* CosmosSize.swift */ = {isa = PBXFileReference; fileEncoding = 4; lastKnownFileType = sourcecode.swift; path = CosmosSize.swift; sourceTree = "<group>"; };
		5C2B56E91CA44D6D00F1A7B4 /* CosmosText.swift */ = {isa = PBXFileReference; fileEncoding = 4; lastKnownFileType = sourcecode.swift; path = CosmosText.swift; sourceTree = "<group>"; };
		5C2B56EB1CA44D9900F1A7B4 /* CosmosTouch.swift */ = {isa = PBXFileReference; fileEncoding = 4; lastKnownFileType = sourcecode.swift; path = CosmosTouch.swift; sourceTree = "<group>"; };
		5C2B56ED1CA44DC100F1A7B4 /* CosmosView.swift */ = {isa = PBXFileReference; fileEncoding = 4; lastKnownFileType = sourcecode.swift; path = CosmosView.swift; sourceTree = "<group>"; };
		5C2B56EF1CA44DFC00F1A7B4 /* CosmosTouchTarget.swift */ = {isa = PBXFileReference; fileEncoding = 4; lastKnownFileType = sourcecode.swift; path = CosmosTouchTarget.swift; sourceTree = "<group>"; };
		5C2B56F11CA457E900F1A7B4 /* StarFillMode.swift */ = {isa = PBXFileReference; fileEncoding = 4; lastKnownFileType = sourcecode.swift; path = StarFillMode.swift; sourceTree = "<group>"; };
		5C2B56F31CA4581A00F1A7B4 /* StarLayer.swift */ = {isa = PBXFileReference; fileEncoding = 4; lastKnownFileType = sourcecode.swift; path = StarLayer.swift; sourceTree = "<group>"; };
		5CB253F11C9A0EA300795FC8 /* MapKit.framework */ = {isa = PBXFileReference; lastKnownFileType = wrapper.framework; name = MapKit.framework; path = System/Library/Frameworks/MapKit.framework; sourceTree = SDKROOT; };
		5CCFBAC61C9EF36B00D810AF /* CoreLocation.framework */ = {isa = PBXFileReference; lastKnownFileType = wrapper.framework; name = CoreLocation.framework; path = System/Library/Frameworks/CoreLocation.framework; sourceTree = SDKROOT; };
		ED23EE401C8830AA00E2CC70 /* Facade.swift */ = {isa = PBXFileReference; fileEncoding = 4; lastKnownFileType = sourcecode.swift; path = Facade.swift; sourceTree = "<group>"; };
		ED23EE421C883A1F00E2CC70 /* ServiceGlobal+CoreDataProperties.swift */ = {isa = PBXFileReference; fileEncoding = 4; lastKnownFileType = sourcecode.swift; path = "ServiceGlobal+CoreDataProperties.swift"; sourceTree = "<group>"; };
		ED23EE431C883A1F00E2CC70 /* ServiceGlobal.swift */ = {isa = PBXFileReference; fileEncoding = 4; lastKnownFileType = sourcecode.swift; path = ServiceGlobal.swift; sourceTree = "<group>"; };
		ED23EE461C883A5000E2CC70 /* Utilisateur+CoreDataProperties.swift */ = {isa = PBXFileReference; fileEncoding = 4; lastKnownFileType = sourcecode.swift; path = "Utilisateur+CoreDataProperties.swift"; sourceTree = "<group>"; };
		ED23EE471C883A5000E2CC70 /* Utilisateur.swift */ = {isa = PBXFileReference; fileEncoding = 4; lastKnownFileType = sourcecode.swift; path = Utilisateur.swift; sourceTree = "<group>"; };
		ED395B201C86342C00FF6D49 /* iHelps.app */ = {isa = PBXFileReference; explicitFileType = wrapper.application; includeInIndex = 0; path = iHelps.app; sourceTree = BUILT_PRODUCTS_DIR; };
		ED395B2A1C86342C00FF6D49 /* Base */ = {isa = PBXFileReference; lastKnownFileType = file.storyboard; name = Base; path = Base.lproj/Main.storyboard; sourceTree = "<group>"; };
		ED395B2C1C86342C00FF6D49 /* Assets.xcassets */ = {isa = PBXFileReference; lastKnownFileType = folder.assetcatalog; path = Assets.xcassets; sourceTree = "<group>"; };
		ED395B2F1C86342C00FF6D49 /* Base */ = {isa = PBXFileReference; lastKnownFileType = file.storyboard; name = Base; path = Base.lproj/LaunchScreen.storyboard; sourceTree = "<group>"; };
		ED395B311C86342C00FF6D49 /* Info.plist */ = {isa = PBXFileReference; lastKnownFileType = text.plist.xml; path = Info.plist; sourceTree = "<group>"; };
		ED395B361C86342C00FF6D49 /* iHelpsTests.xctest */ = {isa = PBXFileReference; explicitFileType = wrapper.cfbundle; includeInIndex = 0; path = iHelpsTests.xctest; sourceTree = BUILT_PRODUCTS_DIR; };
		ED395B3A1C86342C00FF6D49 /* iHelpsTests.swift */ = {isa = PBXFileReference; lastKnownFileType = sourcecode.swift; path = iHelpsTests.swift; sourceTree = "<group>"; };
		ED395B3C1C86342C00FF6D49 /* Info.plist */ = {isa = PBXFileReference; lastKnownFileType = text.plist.xml; path = Info.plist; sourceTree = "<group>"; };
		ED395B411C86342C00FF6D49 /* iHelpsUITests.xctest */ = {isa = PBXFileReference; explicitFileType = wrapper.cfbundle; includeInIndex = 0; path = iHelpsUITests.xctest; sourceTree = BUILT_PRODUCTS_DIR; };
		ED395B451C86342C00FF6D49 /* iHelpsUITests.swift */ = {isa = PBXFileReference; lastKnownFileType = sourcecode.swift; path = iHelpsUITests.swift; sourceTree = "<group>"; };
		ED395B471C86342C00FF6D49 /* Info.plist */ = {isa = PBXFileReference; lastKnownFileType = text.plist.xml; path = Info.plist; sourceTree = "<group>"; };
		ED7330051CA4254400C489E3 /* ServicesJeProposeTableViewController.swift */ = {isa = PBXFileReference; fileEncoding = 4; lastKnownFileType = sourcecode.swift; path = ServicesJeProposeTableViewController.swift; sourceTree = "<group>"; };
		ED7330071CA4275C00C489E3 /* ServicesJeProposeTableViewCell.swift */ = {isa = PBXFileReference; fileEncoding = 4; lastKnownFileType = sourcecode.swift; path = ServicesJeProposeTableViewCell.swift; sourceTree = "<group>"; };
		EDDC88111CA052B900C313D3 /* DemandeServiceViewController.swift */ = {isa = PBXFileReference; fileEncoding = 4; lastKnownFileType = sourcecode.swift; path = DemandeServiceViewController.swift; sourceTree = "<group>"; };
		EDE282D51C874D0500B34565 /* Model.xcdatamodel */ = {isa = PBXFileReference; lastKnownFileType = wrapper.xcdatamodel; path = Model.xcdatamodel; sourceTree = "<group>"; };
		EDE282D71C8752E200B34565 /* FServiceGlobal.swift */ = {isa = PBXFileReference; fileEncoding = 4; lastKnownFileType = sourcecode.swift; path = FServiceGlobal.swift; sourceTree = "<group>"; };
		EDE282FA1C87568700B34565 /* AppDelegate.swift */ = {isa = PBXFileReference; fileEncoding = 4; lastKnownFileType = sourcecode.swift; path = AppDelegate.swift; sourceTree = "<group>"; };
		EDEEAD211C88A65500BE6EFE /* FUtilisateur.swift */ = {isa = PBXFileReference; fileEncoding = 4; lastKnownFileType = sourcecode.swift; path = FUtilisateur.swift; sourceTree = "<group>"; };
		EDEEAD231C88BA2500BE6EFE /* TestsBdd.swift */ = {isa = PBXFileReference; fileEncoding = 4; lastKnownFileType = sourcecode.swift; path = TestsBdd.swift; sourceTree = "<group>"; };
		EDEEAD251C88C3D100BE6EFE /* MessageMur+CoreDataProperties.swift */ = {isa = PBXFileReference; fileEncoding = 4; lastKnownFileType = sourcecode.swift; path = "MessageMur+CoreDataProperties.swift"; sourceTree = "<group>"; };
		EDEEAD261C88C3D100BE6EFE /* MessageMur.swift */ = {isa = PBXFileReference; fileEncoding = 4; lastKnownFileType = sourcecode.swift; path = MessageMur.swift; sourceTree = "<group>"; };
		EDEEAD271C88C3D100BE6EFE /* Categorie+CoreDataProperties.swift */ = {isa = PBXFileReference; fileEncoding = 4; lastKnownFileType = sourcecode.swift; path = "Categorie+CoreDataProperties.swift"; sourceTree = "<group>"; };
		EDEEAD281C88C3D100BE6EFE /* Categorie.swift */ = {isa = PBXFileReference; fileEncoding = 4; lastKnownFileType = sourcecode.swift; path = Categorie.swift; sourceTree = "<group>"; };
		EDEEAD291C88C3D100BE6EFE /* InstanceService+CoreDataProperties.swift */ = {isa = PBXFileReference; fileEncoding = 4; lastKnownFileType = sourcecode.swift; path = "InstanceService+CoreDataProperties.swift"; sourceTree = "<group>"; };
		EDEEAD2A1C88C3D100BE6EFE /* InstanceService.swift */ = {isa = PBXFileReference; fileEncoding = 4; lastKnownFileType = sourcecode.swift; path = InstanceService.swift; sourceTree = "<group>"; };
/* End PBXFileReference section */

/* Begin PBXFrameworksBuildPhase section */
		ED395B1D1C86342C00FF6D49 /* Frameworks */ = {
			isa = PBXFrameworksBuildPhase;
			buildActionMask = 2147483647;
			files = (
				5CCFBAC71C9EF36B00D810AF /* CoreLocation.framework in Frameworks */,
				5CB253F21C9A0EA300795FC8 /* MapKit.framework in Frameworks */,
			);
			runOnlyForDeploymentPostprocessing = 0;
		};
		ED395B331C86342C00FF6D49 /* Frameworks */ = {
			isa = PBXFrameworksBuildPhase;
			buildActionMask = 2147483647;
			files = (
			);
			runOnlyForDeploymentPostprocessing = 0;
		};
		ED395B3E1C86342C00FF6D49 /* Frameworks */ = {
			isa = PBXFrameworksBuildPhase;
			buildActionMask = 2147483647;
			files = (
			);
			runOnlyForDeploymentPostprocessing = 0;
		};
/* End PBXFrameworksBuildPhase section */

/* Begin PBXGroup section */
		252C79191C96F15E00B1DBCF /* Controleurs */ = {
			isa = PBXGroup;
			children = (
				492CCB371CA680E3005B6F77 /* MonCompteViewController.swift */,
				ED7330091CA42FE200C489E3 /* TableControleurs */,
				252C791A1C96F17400B1DBCF /* CreerUtilisateur_ViewController.swift */,
				25DEDEEA1C99C18C00FA17F0 /* Home_ViewController.swift */,
				25DEDEEC1C99D59E00FA17F0 /* Annonce_ViewController.swift */,
				2576BEB41C9D919000E58272 /* CreerService_ViewController.swift */,
				491E7AB21CA3245C0089FFCE /* Map_ViewController.swift */,
				252C98B41CA02EC000D11A2D /* Messagerie_ViewController.swift */,
				252C98B61CA0343500D11A2D /* MP_ViewController.swift */,
				EDDC88111CA052B900C313D3 /* DemandeServiceViewController.swift */,
				5C2B56D51CA43D8900F1A7B4 /* Note_ViewController.swift */,
			);
			name = Controleurs;
			sourceTree = "<group>";
		};
		49356C8A1CA073260020DC20 /* Cells */ = {
			isa = PBXGroup;
			children = (
				4972FAF61C9EEB520074553A /* CategorieTableViewCell.swift */,
				ED7330071CA4275C00C489E3 /* ServicesJeProposeTableViewCell.swift */,
				4952C1101C9B20C60048B403 /* ServiceGTableViewCell.swift */,
			);
			name = Cells;
			sourceTree = "<group>";
		};
		49DF900B1CA5B7CB008101C8 /* Cosmos */ = {
			isa = PBXGroup;
			children = (
				5C2B56D91CA44AF000F1A7B4 /* CosmosAccessibility.swift */,
				5C2B56DB1CA44BAF00F1A7B4 /* CosmosDefaultSettings.swift */,
				5C2B56DD1CA44C1700F1A7B4 /* CosmosLayerHelper.swift */,
				5C2B56DF1CA44C5400F1A7B4 /* CosmosLayers.swift */,
				5C2B56E11CA44C8B00F1A7B4 /* CosmosLocalizedRating.swift */,
				5C2B56E31CA44CCE00F1A7B4 /* CosmosRating.swift */,
				5C2B56E51CA44D0A00F1A7B4 /* CosmosSettings.swift */,
				5C2B56E71CA44D4000F1A7B4 /* CosmosSize.swift */,
				5C2B56E91CA44D6D00F1A7B4 /* CosmosText.swift */,
				5C2B56EB1CA44D9900F1A7B4 /* CosmosTouch.swift */,
				5C2B56ED1CA44DC100F1A7B4 /* CosmosView.swift */,
				5C2B56EF1CA44DFC00F1A7B4 /* CosmosTouchTarget.swift */,
				5C2B56F11CA457E900F1A7B4 /* StarFillMode.swift */,
				5C2B56F31CA4581A00F1A7B4 /* StarLayer.swift */,
			);
			name = Cosmos;
			sourceTree = "<group>";
		};
		ED23EE4A1C88457000E2CC70 /* Modele */ = {
			isa = PBXGroup;
			children = (
				49DF01151C9DE9FE002A58FB /* MessagePrive+CoreDataProperties.swift */,
				49DF01161C9DE9FE002A58FB /* MessagePrive.swift */,
				EDEEAD251C88C3D100BE6EFE /* MessageMur+CoreDataProperties.swift */,
				EDEEAD261C88C3D100BE6EFE /* MessageMur.swift */,
				EDEEAD271C88C3D100BE6EFE /* Categorie+CoreDataProperties.swift */,
				EDEEAD281C88C3D100BE6EFE /* Categorie.swift */,
				EDEEAD291C88C3D100BE6EFE /* InstanceService+CoreDataProperties.swift */,
				EDEEAD2A1C88C3D100BE6EFE /* InstanceService.swift */,
				ED23EE461C883A5000E2CC70 /* Utilisateur+CoreDataProperties.swift */,
				ED23EE471C883A5000E2CC70 /* Utilisateur.swift */,
				ED23EE421C883A1F00E2CC70 /* ServiceGlobal+CoreDataProperties.swift */,
				ED23EE431C883A1F00E2CC70 /* ServiceGlobal.swift */,
			);
			name = Modele;
			sourceTree = "<group>";
		};
		ED395B171C86342C00FF6D49 = {
			isa = PBXGroup;
			children = (
				5CCFBAC61C9EF36B00D810AF /* CoreLocation.framework */,
				5CB253F11C9A0EA300795FC8 /* MapKit.framework */,
				ED395B221C86342C00FF6D49 /* iHelps */,
				ED395B391C86342C00FF6D49 /* iHelpsTests */,
				ED395B441C86342C00FF6D49 /* iHelpsUITests */,
				ED395B211C86342C00FF6D49 /* Products */,
			);
			sourceTree = "<group>";
		};
		ED395B211C86342C00FF6D49 /* Products */ = {
			isa = PBXGroup;
			children = (
				ED395B201C86342C00FF6D49 /* iHelps.app */,
				ED395B361C86342C00FF6D49 /* iHelpsTests.xctest */,
				ED395B411C86342C00FF6D49 /* iHelpsUITests.xctest */,
			);
			name = Products;
			sourceTree = "<group>";
		};
		ED395B221C86342C00FF6D49 /* iHelps */ = {
			isa = PBXGroup;
			children = (
				EDE282FA1C87568700B34565 /* AppDelegate.swift */,
				ED23EE4A1C88457000E2CC70 /* Modele */,
				EDE282FC1C875A3900B34565 /* Facades */,
				ED23EE401C8830AA00E2CC70 /* Facade.swift */,
				4927A4C71C9AE5D900FFC841 /* JeuDeDonnees.swift */,
				EDEEAD231C88BA2500BE6EFE /* TestsBdd.swift */,
				252C79191C96F15E00B1DBCF /* Controleurs */,
				25547F951C8D72E30044C7AA /* ViewController.swift */,
				ED395B291C86342C00FF6D49 /* Main.storyboard */,
				EDE282D41C874D0500B34565 /* Model.xcdatamodeld */,
				ED395B2C1C86342C00FF6D49 /* Assets.xcassets */,
				ED395B2E1C86342C00FF6D49 /* LaunchScreen.storyboard */,
				ED395B311C86342C00FF6D49 /* Info.plist */,
				49DF900B1CA5B7CB008101C8 /* Cosmos */,
			);
			path = iHelps;
			sourceTree = "<group>";
		};
		ED395B391C86342C00FF6D49 /* iHelpsTests */ = {
			isa = PBXGroup;
			children = (
				ED395B3A1C86342C00FF6D49 /* iHelpsTests.swift */,
				ED395B3C1C86342C00FF6D49 /* Info.plist */,
			);
			path = iHelpsTests;
			sourceTree = "<group>";
		};
		ED395B441C86342C00FF6D49 /* iHelpsUITests */ = {
			isa = PBXGroup;
			children = (
				ED395B451C86342C00FF6D49 /* iHelpsUITests.swift */,
				ED395B471C86342C00FF6D49 /* Info.plist */,
			);
			path = iHelpsUITests;
			sourceTree = "<group>";
		};
		ED7330091CA42FE200C489E3 /* TableControleurs */ = {
			isa = PBXGroup;
			children = (
				49356C8A1CA073260020DC20 /* Cells */,
				ED7330051CA4254400C489E3 /* ServicesJeProposeTableViewController.swift */,
				4972FAF81C9EEC8E0074553A /* CategorieTableViewController.swift */,
				4952C1121C9B25C80048B403 /* ServiceGTableViewController.swift */,
			);
			name = TableControleurs;
			sourceTree = "<group>";
		};
		EDE282FC1C875A3900B34565 /* Facades */ = {
			isa = PBXGroup;
			children = (
				EDE282D71C8752E200B34565 /* FServiceGlobal.swift */,
				EDEEAD211C88A65500BE6EFE /* FUtilisateur.swift */,
				494A24D01C8C89CB0059DE7C /* FInstanceService.swift */,
			);
			name = Facades;
			sourceTree = "<group>";
		};
/* End PBXGroup section */

/* Begin PBXNativeTarget section */
		ED395B1F1C86342C00FF6D49 /* iHelps */ = {
			isa = PBXNativeTarget;
			buildConfigurationList = ED395B4A1C86342C00FF6D49 /* Build configuration list for PBXNativeTarget "iHelps" */;
			buildPhases = (
				ED395B1C1C86342C00FF6D49 /* Sources */,
				ED395B1D1C86342C00FF6D49 /* Frameworks */,
				ED395B1E1C86342C00FF6D49 /* Resources */,
			);
			buildRules = (
			);
			dependencies = (
			);
			name = iHelps;
			productName = iHelps;
			productReference = ED395B201C86342C00FF6D49 /* iHelps.app */;
			productType = "com.apple.product-type.application";
		};
		ED395B351C86342C00FF6D49 /* iHelpsTests */ = {
			isa = PBXNativeTarget;
			buildConfigurationList = ED395B4D1C86342C00FF6D49 /* Build configuration list for PBXNativeTarget "iHelpsTests" */;
			buildPhases = (
				ED395B321C86342C00FF6D49 /* Sources */,
				ED395B331C86342C00FF6D49 /* Frameworks */,
				ED395B341C86342C00FF6D49 /* Resources */,
			);
			buildRules = (
			);
			dependencies = (
				ED395B381C86342C00FF6D49 /* PBXTargetDependency */,
			);
			name = iHelpsTests;
			productName = iHelpsTests;
			productReference = ED395B361C86342C00FF6D49 /* iHelpsTests.xctest */;
			productType = "com.apple.product-type.bundle.unit-test";
		};
		ED395B401C86342C00FF6D49 /* iHelpsUITests */ = {
			isa = PBXNativeTarget;
			buildConfigurationList = ED395B501C86342C00FF6D49 /* Build configuration list for PBXNativeTarget "iHelpsUITests" */;
			buildPhases = (
				ED395B3D1C86342C00FF6D49 /* Sources */,
				ED395B3E1C86342C00FF6D49 /* Frameworks */,
				ED395B3F1C86342C00FF6D49 /* Resources */,
			);
			buildRules = (
			);
			dependencies = (
				ED395B431C86342C00FF6D49 /* PBXTargetDependency */,
			);
			name = iHelpsUITests;
			productName = iHelpsUITests;
			productReference = ED395B411C86342C00FF6D49 /* iHelpsUITests.xctest */;
			productType = "com.apple.product-type.bundle.ui-testing";
		};
/* End PBXNativeTarget section */

/* Begin PBXProject section */
		ED395B181C86342C00FF6D49 /* Project object */ = {
			isa = PBXProject;
			attributes = {
				LastSwiftUpdateCheck = 0720;
				LastUpgradeCheck = 0720;
				ORGANIZATIONNAME = NXN;
				TargetAttributes = {
					ED395B1F1C86342C00FF6D49 = {
						CreatedOnToolsVersion = 7.2;
						SystemCapabilities = {
							com.apple.Maps.iOS = {
								enabled = 1;
							};
						};
					};
					ED395B351C86342C00FF6D49 = {
						CreatedOnToolsVersion = 7.2;
						TestTargetID = ED395B1F1C86342C00FF6D49;
					};
					ED395B401C86342C00FF6D49 = {
						CreatedOnToolsVersion = 7.2;
						TestTargetID = ED395B1F1C86342C00FF6D49;
					};
				};
			};
			buildConfigurationList = ED395B1B1C86342C00FF6D49 /* Build configuration list for PBXProject "iHelps" */;
			compatibilityVersion = "Xcode 3.2";
			developmentRegion = English;
			hasScannedForEncodings = 0;
			knownRegions = (
				en,
				Base,
			);
			mainGroup = ED395B171C86342C00FF6D49;
			productRefGroup = ED395B211C86342C00FF6D49 /* Products */;
			projectDirPath = "";
			projectRoot = "";
			targets = (
				ED395B1F1C86342C00FF6D49 /* iHelps */,
				ED395B351C86342C00FF6D49 /* iHelpsTests */,
				ED395B401C86342C00FF6D49 /* iHelpsUITests */,
			);
		};
/* End PBXProject section */

/* Begin PBXResourcesBuildPhase section */
		ED395B1E1C86342C00FF6D49 /* Resources */ = {
			isa = PBXResourcesBuildPhase;
			buildActionMask = 2147483647;
			files = (
				ED395B301C86342C00FF6D49 /* LaunchScreen.storyboard in Resources */,
				ED395B2D1C86342C00FF6D49 /* Assets.xcassets in Resources */,
				ED395B2B1C86342C00FF6D49 /* Main.storyboard in Resources */,
			);
			runOnlyForDeploymentPostprocessing = 0;
		};
		ED395B341C86342C00FF6D49 /* Resources */ = {
			isa = PBXResourcesBuildPhase;
			buildActionMask = 2147483647;
			files = (
			);
			runOnlyForDeploymentPostprocessing = 0;
		};
		ED395B3F1C86342C00FF6D49 /* Resources */ = {
			isa = PBXResourcesBuildPhase;
			buildActionMask = 2147483647;
			files = (
			);
			runOnlyForDeploymentPostprocessing = 0;
		};
/* End PBXResourcesBuildPhase section */

/* Begin PBXSourcesBuildPhase section */
		ED395B1C1C86342C00FF6D49 /* Sources */ = {
			isa = PBXSourcesBuildPhase;
			buildActionMask = 2147483647;
			files = (
				5C2B56E61CA44D0A00F1A7B4 /* CosmosSettings.swift in Sources */,
				ED23EE451C883A1F00E2CC70 /* ServiceGlobal.swift in Sources */,
				4952C1131C9B25C80048B403 /* ServiceGTableViewController.swift in Sources */,
				5C2B56EC1CA44D9900F1A7B4 /* CosmosTouch.swift in Sources */,
				EDEEAD221C88A65500BE6EFE /* FUtilisateur.swift in Sources */,
				5C2B56DE1CA44C1700F1A7B4 /* CosmosLayerHelper.swift in Sources */,
				25DEDEED1C99D59E00FA17F0 /* Annonce_ViewController.swift in Sources */,
				EDEEAD2F1C88C3D100BE6EFE /* InstanceService+CoreDataProperties.swift in Sources */,
				EDEEAD2D1C88C3D100BE6EFE /* Categorie+CoreDataProperties.swift in Sources */,
				491E7AB31CA3245C0089FFCE /* Map_ViewController.swift in Sources */,
				5C2B56F21CA457E900F1A7B4 /* StarFillMode.swift in Sources */,
				494A24D11C8C89CB0059DE7C /* FInstanceService.swift in Sources */,
				252C98B51CA02EC000D11A2D /* Messagerie_ViewController.swift in Sources */,
				5C2B56DC1CA44BAF00F1A7B4 /* CosmosDefaultSettings.swift in Sources */,
				4972FAF91C9EEC8E0074553A /* CategorieTableViewController.swift in Sources */,
				EDEEAD2C1C88C3D100BE6EFE /* MessageMur.swift in Sources */,
				4952C1111C9B20C60048B403 /* ServiceGTableViewCell.swift in Sources */,
				5C2B56EE1CA44DC100F1A7B4 /* CosmosView.swift in Sources */,
				EDE282D61C874D0500B34565 /* Model.xcdatamodeld in Sources */,
				49DF01171C9DE9FE002A58FB /* MessagePrive+CoreDataProperties.swift in Sources */,
				252C98B71CA0343500D11A2D /* MP_ViewController.swift in Sources */,
				25DEDEEB1C99C18C00FA17F0 /* Home_ViewController.swift in Sources */,
				5C2B56D61CA43D8900F1A7B4 /* Note_ViewController.swift in Sources */,
				5C2B56F41CA4581A00F1A7B4 /* StarLayer.swift in Sources */,
				5C2B56E21CA44C8B00F1A7B4 /* CosmosLocalizedRating.swift in Sources */,
				ED7330081CA4275C00C489E3 /* ServicesJeProposeTableViewCell.swift in Sources */,
				4927A4C81C9AE5D900FFC841 /* JeuDeDonnees.swift in Sources */,
				4972FAF71C9EEB520074553A /* CategorieTableViewCell.swift in Sources */,
				ED23EE481C883A5000E2CC70 /* Utilisateur+CoreDataProperties.swift in Sources */,
				2576BEB51C9D919000E58272 /* CreerService_ViewController.swift in Sources */,
				252C791B1C96F17400B1DBCF /* CreerUtilisateur_ViewController.swift in Sources */,
				25547F961C8D72E30044C7AA /* ViewController.swift in Sources */,
				ED23EE441C883A1F00E2CC70 /* ServiceGlobal+CoreDataProperties.swift in Sources */,
				5C2B56DA1CA44AF000F1A7B4 /* CosmosAccessibility.swift in Sources */,
				5C2B56F01CA44DFC00F1A7B4 /* CosmosTouchTarget.swift in Sources */,
				ED7330061CA4254400C489E3 /* ServicesJeProposeTableViewController.swift in Sources */,
				5C2B56E01CA44C5400F1A7B4 /* CosmosLayers.swift in Sources */,
				492CCB381CA680E3005B6F77 /* MonCompteViewController.swift in Sources */,
				ED23EE411C8830AA00E2CC70 /* Facade.swift in Sources */,
				EDEEAD2B1C88C3D100BE6EFE /* MessageMur+CoreDataProperties.swift in Sources */,
				EDEEAD301C88C3D100BE6EFE /* InstanceService.swift in Sources */,
				5C2B56E81CA44D4000F1A7B4 /* CosmosSize.swift in Sources */,
				ED23EE491C883A5000E2CC70 /* Utilisateur.swift in Sources */,
				EDE282FB1C87568700B34565 /* AppDelegate.swift in Sources */,
				EDEEAD2E1C88C3D100BE6EFE /* Categorie.swift in Sources */,
				EDEEAD241C88BA2500BE6EFE /* TestsBdd.swift in Sources */,
				49DF01181C9DE9FE002A58FB /* MessagePrive.swift in Sources */,
				EDDC88121CA052B900C313D3 /* DemandeServiceViewController.swift in Sources */,
				5C2B56EA1CA44D6D00F1A7B4 /* CosmosText.swift in Sources */,
				5C2B56E41CA44CCE00F1A7B4 /* CosmosRating.swift in Sources */,
				EDE282D81C8752E200B34565 /* FServiceGlobal.swift in Sources */,
			);
			runOnlyForDeploymentPostprocessing = 0;
		};
		ED395B321C86342C00FF6D49 /* Sources */ = {
			isa = PBXSourcesBuildPhase;
			buildActionMask = 2147483647;
			files = (
				ED395B3B1C86342C00FF6D49 /* iHelpsTests.swift in Sources */,
			);
			runOnlyForDeploymentPostprocessing = 0;
		};
		ED395B3D1C86342C00FF6D49 /* Sources */ = {
			isa = PBXSourcesBuildPhase;
			buildActionMask = 2147483647;
			files = (
				ED395B461C86342C00FF6D49 /* iHelpsUITests.swift in Sources */,
			);
			runOnlyForDeploymentPostprocessing = 0;
		};
/* End PBXSourcesBuildPhase section */

/* Begin PBXTargetDependency section */
		ED395B381C86342C00FF6D49 /* PBXTargetDependency */ = {
			isa = PBXTargetDependency;
			target = ED395B1F1C86342C00FF6D49 /* iHelps */;
			targetProxy = ED395B371C86342C00FF6D49 /* PBXContainerItemProxy */;
		};
		ED395B431C86342C00FF6D49 /* PBXTargetDependency */ = {
			isa = PBXTargetDependency;
			target = ED395B1F1C86342C00FF6D49 /* iHelps */;
			targetProxy = ED395B421C86342C00FF6D49 /* PBXContainerItemProxy */;
		};
/* End PBXTargetDependency section */

/* Begin PBXVariantGroup section */
		ED395B291C86342C00FF6D49 /* Main.storyboard */ = {
			isa = PBXVariantGroup;
			children = (
				ED395B2A1C86342C00FF6D49 /* Base */,
			);
			name = Main.storyboard;
			sourceTree = "<group>";
		};
		ED395B2E1C86342C00FF6D49 /* LaunchScreen.storyboard */ = {
			isa = PBXVariantGroup;
			children = (
				ED395B2F1C86342C00FF6D49 /* Base */,
			);
			name = LaunchScreen.storyboard;
			sourceTree = "<group>";
		};
/* End PBXVariantGroup section */

/* Begin XCBuildConfiguration section */
		ED395B481C86342C00FF6D49 /* Debug */ = {
			isa = XCBuildConfiguration;
			buildSettings = {
				ALWAYS_SEARCH_USER_PATHS = NO;
				CLANG_CXX_LANGUAGE_STANDARD = "gnu++0x";
				CLANG_CXX_LIBRARY = "libc++";
				CLANG_ENABLE_MODULES = YES;
				CLANG_ENABLE_OBJC_ARC = YES;
				CLANG_WARN_BOOL_CONVERSION = YES;
				CLANG_WARN_CONSTANT_CONVERSION = YES;
				CLANG_WARN_DIRECT_OBJC_ISA_USAGE = YES_ERROR;
				CLANG_WARN_EMPTY_BODY = YES;
				CLANG_WARN_ENUM_CONVERSION = YES;
				CLANG_WARN_INT_CONVERSION = YES;
				CLANG_WARN_OBJC_ROOT_CLASS = YES_ERROR;
				CLANG_WARN_UNREACHABLE_CODE = YES;
				CLANG_WARN__DUPLICATE_METHOD_MATCH = YES;
				"CODE_SIGN_IDENTITY[sdk=iphoneos*]" = "iPhone Developer";
				COPY_PHASE_STRIP = NO;
				DEBUG_INFORMATION_FORMAT = dwarf;
				ENABLE_STRICT_OBJC_MSGSEND = YES;
				ENABLE_TESTABILITY = YES;
				GCC_C_LANGUAGE_STANDARD = gnu99;
				GCC_DYNAMIC_NO_PIC = NO;
				GCC_NO_COMMON_BLOCKS = YES;
				GCC_OPTIMIZATION_LEVEL = 0;
				GCC_PREPROCESSOR_DEFINITIONS = (
					"DEBUG=1",
					"$(inherited)",
				);
				GCC_WARN_64_TO_32_BIT_CONVERSION = YES;
				GCC_WARN_ABOUT_RETURN_TYPE = YES_ERROR;
				GCC_WARN_UNDECLARED_SELECTOR = YES;
				GCC_WARN_UNINITIALIZED_AUTOS = YES_AGGRESSIVE;
				GCC_WARN_UNUSED_FUNCTION = YES;
				GCC_WARN_UNUSED_VARIABLE = YES;
				IPHONEOS_DEPLOYMENT_TARGET = 9.2;
				MTL_ENABLE_DEBUG_INFO = YES;
				ONLY_ACTIVE_ARCH = YES;
				SDKROOT = iphoneos;
				SWIFT_OPTIMIZATION_LEVEL = "-Onone";
				TARGETED_DEVICE_FAMILY = "1,2";
			};
			name = Debug;
		};
		ED395B491C86342C00FF6D49 /* Release */ = {
			isa = XCBuildConfiguration;
			buildSettings = {
				ALWAYS_SEARCH_USER_PATHS = NO;
				CLANG_CXX_LANGUAGE_STANDARD = "gnu++0x";
				CLANG_CXX_LIBRARY = "libc++";
				CLANG_ENABLE_MODULES = YES;
				CLANG_ENABLE_OBJC_ARC = YES;
				CLANG_WARN_BOOL_CONVERSION = YES;
				CLANG_WARN_CONSTANT_CONVERSION = YES;
				CLANG_WARN_DIRECT_OBJC_ISA_USAGE = YES_ERROR;
				CLANG_WARN_EMPTY_BODY = YES;
				CLANG_WARN_ENUM_CONVERSION = YES;
				CLANG_WARN_INT_CONVERSION = YES;
				CLANG_WARN_OBJC_ROOT_CLASS = YES_ERROR;
				CLANG_WARN_UNREACHABLE_CODE = YES;
				CLANG_WARN__DUPLICATE_METHOD_MATCH = YES;
				"CODE_SIGN_IDENTITY[sdk=iphoneos*]" = "iPhone Developer";
				COPY_PHASE_STRIP = NO;
				DEBUG_INFORMATION_FORMAT = "dwarf-with-dsym";
				ENABLE_NS_ASSERTIONS = NO;
				ENABLE_STRICT_OBJC_MSGSEND = YES;
				GCC_C_LANGUAGE_STANDARD = gnu99;
				GCC_NO_COMMON_BLOCKS = YES;
				GCC_WARN_64_TO_32_BIT_CONVERSION = YES;
				GCC_WARN_ABOUT_RETURN_TYPE = YES_ERROR;
				GCC_WARN_UNDECLARED_SELECTOR = YES;
				GCC_WARN_UNINITIALIZED_AUTOS = YES_AGGRESSIVE;
				GCC_WARN_UNUSED_FUNCTION = YES;
				GCC_WARN_UNUSED_VARIABLE = YES;
				IPHONEOS_DEPLOYMENT_TARGET = 9.2;
				MTL_ENABLE_DEBUG_INFO = NO;
				SDKROOT = iphoneos;
				TARGETED_DEVICE_FAMILY = "1,2";
				VALIDATE_PRODUCT = YES;
			};
			name = Release;
		};
		ED395B4B1C86342C00FF6D49 /* Debug */ = {
			isa = XCBuildConfiguration;
			buildSettings = {
				ASSETCATALOG_COMPILER_APPICON_NAME = AppIcon;
				INFOPLIST_FILE = iHelps/Info.plist;
				LD_RUNPATH_SEARCH_PATHS = "$(inherited) @executable_path/Frameworks";
				PRODUCT_BUNDLE_IDENTIFIER = NXN.iHelps;
				PRODUCT_NAME = "$(TARGET_NAME)";
			};
			name = Debug;
		};
		ED395B4C1C86342C00FF6D49 /* Release */ = {
			isa = XCBuildConfiguration;
			buildSettings = {
				ASSETCATALOG_COMPILER_APPICON_NAME = AppIcon;
				INFOPLIST_FILE = iHelps/Info.plist;
				LD_RUNPATH_SEARCH_PATHS = "$(inherited) @executable_path/Frameworks";
				PRODUCT_BUNDLE_IDENTIFIER = NXN.iHelps;
				PRODUCT_NAME = "$(TARGET_NAME)";
			};
			name = Release;
		};
		ED395B4E1C86342C00FF6D49 /* Debug */ = {
			isa = XCBuildConfiguration;
			buildSettings = {
				BUNDLE_LOADER = "$(TEST_HOST)";
				INFOPLIST_FILE = iHelpsTests/Info.plist;
				LD_RUNPATH_SEARCH_PATHS = "$(inherited) @executable_path/Frameworks @loader_path/Frameworks";
				PRODUCT_BUNDLE_IDENTIFIER = NXN.iHelpsTests;
				PRODUCT_NAME = "$(TARGET_NAME)";
				TEST_HOST = "$(BUILT_PRODUCTS_DIR)/iHelps.app/iHelps";
			};
			name = Debug;
		};
		ED395B4F1C86342C00FF6D49 /* Release */ = {
			isa = XCBuildConfiguration;
			buildSettings = {
				BUNDLE_LOADER = "$(TEST_HOST)";
				INFOPLIST_FILE = iHelpsTests/Info.plist;
				LD_RUNPATH_SEARCH_PATHS = "$(inherited) @executable_path/Frameworks @loader_path/Frameworks";
				PRODUCT_BUNDLE_IDENTIFIER = NXN.iHelpsTests;
				PRODUCT_NAME = "$(TARGET_NAME)";
				TEST_HOST = "$(BUILT_PRODUCTS_DIR)/iHelps.app/iHelps";
			};
			name = Release;
		};
		ED395B511C86342C00FF6D49 /* Debug */ = {
			isa = XCBuildConfiguration;
			buildSettings = {
				INFOPLIST_FILE = iHelpsUITests/Info.plist;
				LD_RUNPATH_SEARCH_PATHS = "$(inherited) @executable_path/Frameworks @loader_path/Frameworks";
				PRODUCT_BUNDLE_IDENTIFIER = NXN.iHelpsUITests;
				PRODUCT_NAME = "$(TARGET_NAME)";
				TEST_TARGET_NAME = iHelps;
				USES_XCTRUNNER = YES;
			};
			name = Debug;
		};
		ED395B521C86342C00FF6D49 /* Release */ = {
			isa = XCBuildConfiguration;
			buildSettings = {
				INFOPLIST_FILE = iHelpsUITests/Info.plist;
				LD_RUNPATH_SEARCH_PATHS = "$(inherited) @executable_path/Frameworks @loader_path/Frameworks";
				PRODUCT_BUNDLE_IDENTIFIER = NXN.iHelpsUITests;
				PRODUCT_NAME = "$(TARGET_NAME)";
				TEST_TARGET_NAME = iHelps;
				USES_XCTRUNNER = YES;
			};
			name = Release;
		};
/* End XCBuildConfiguration section */

/* Begin XCConfigurationList section */
		ED395B1B1C86342C00FF6D49 /* Build configuration list for PBXProject "iHelps" */ = {
			isa = XCConfigurationList;
			buildConfigurations = (
				ED395B481C86342C00FF6D49 /* Debug */,
				ED395B491C86342C00FF6D49 /* Release */,
			);
			defaultConfigurationIsVisible = 0;
			defaultConfigurationName = Release;
		};
		ED395B4A1C86342C00FF6D49 /* Build configuration list for PBXNativeTarget "iHelps" */ = {
			isa = XCConfigurationList;
			buildConfigurations = (
				ED395B4B1C86342C00FF6D49 /* Debug */,
				ED395B4C1C86342C00FF6D49 /* Release */,
			);
			defaultConfigurationIsVisible = 0;
			defaultConfigurationName = Release;
		};
		ED395B4D1C86342C00FF6D49 /* Build configuration list for PBXNativeTarget "iHelpsTests" */ = {
			isa = XCConfigurationList;
			buildConfigurations = (
				ED395B4E1C86342C00FF6D49 /* Debug */,
				ED395B4F1C86342C00FF6D49 /* Release */,
			);
			defaultConfigurationIsVisible = 0;
			defaultConfigurationName = Release;
		};
		ED395B501C86342C00FF6D49 /* Build configuration list for PBXNativeTarget "iHelpsUITests" */ = {
			isa = XCConfigurationList;
			buildConfigurations = (
				ED395B511C86342C00FF6D49 /* Debug */,
				ED395B521C86342C00FF6D49 /* Release */,
			);
			defaultConfigurationIsVisible = 0;
			defaultConfigurationName = Release;
		};
/* End XCConfigurationList section */

/* Begin XCVersionGroup section */
		EDE282D41C874D0500B34565 /* Model.xcdatamodeld */ = {
			isa = XCVersionGroup;
			children = (
				EDE282D51C874D0500B34565 /* Model.xcdatamodel */,
			);
			currentVersion = EDE282D51C874D0500B34565 /* Model.xcdatamodel */;
			path = Model.xcdatamodeld;
			sourceTree = "<group>";
			versionGroupType = wrapper.xcdatamodel;
		};
/* End XCVersionGroup section */
	};
	rootObject = ED395B181C86342C00FF6D49 /* Project object */;
}
